
Microsoft Visual Studio Solution File, Format Version 12.00
# Visual Studio Version 17
VisualStudioVersion = 17.0.31903.59
MinimumVisualStudioVersion = 10.0.40219.1
Project("{2150E333-8FDC-42A3-9474-1A3956D46DE8}") = "tests", "tests", "{0AB3BF05-4346-4AA6-1389-037BE0695223}"
EndProject
Project("{2150E333-8FDC-42A3-9474-1A3956D46DE8}") = "Contract", "Contract", "{53506FF3-1087-91DB-5731-19A6F3C92276}"
EndProject
Project("{FAE04EC0-301F-11D3-BF4B-00C04F79EFBC}") = "IoBuild.Contract.Tests", "tests\Contract\IoBuild.Contract.Tests.csproj", "{2CA4955F-6E37-43A4-8B5E-02D983B70562}"
EndProject
Project("{2150E333-8FDC-42A3-9474-1A3956D46DE8}") = "src", "src", "{827E0CD3-B72D-47B6-A68D-7590B98EB39B}"
EndProject
Project("{FAE04EC0-301F-11D3-BF4B-00C04F79EFBC}") = "IoBuild.Api", "src\IoBuild.Api\IoBuild.Api.csproj", "{DA504114-7DC6-4029-ABDE-06EE5FB28FAF}"
EndProject
Project("{2150E333-8FDC-42A3-9474-1A3956D46DE8}") = "Architecture", "Architecture", "{875CD587-DE2F-08EE-74FB-D6BE4E474EF3}"
EndProject
Project("{FAE04EC0-301F-11D3-BF4B-00C04F79EFBC}") = "IoBuild.Architecture.Tests", "tests\Architecture\IoBuild.Architecture.Tests.csproj", "{7984F335-76B2-4CB1-8DEF-5C9CE0B98F5B}"
EndProject
Project("{FAE04EC0-301F-11D3-BF4B-00C04F79EFBC}") = "IoBuild.Modules.Abstractions", "src\IoBuild.Modules.Abstractions\IoBuild.Modules.Abstractions.csproj", "{B5F60F04-5C7B-4CAE-9501-E7CECA26B977}"
EndProject
Project("{2150E333-8FDC-42A3-9474-1A3956D46DE8}") = "Modules", "Modules", "{D7DC9B74-6BC4-2470-2038-1E57C2DCB73B}"
EndProject
Project("{FAE04EC0-301F-11D3-BF4B-00C04F79EFBC}") = "IoBuild.Modules.Tests", "tests\Modules\IoBuild.Modules.Tests.csproj", "{DC912C08-457C-435B-B60B-8985CD29E154}"
EndProject
Global
	GlobalSection(SolutionConfigurationPlatforms) = preSolution
		Debug|Any CPU = Debug|Any CPU
		Debug|x64 = Debug|x64
		Debug|x86 = Debug|x86
		Release|Any CPU = Release|Any CPU
		Release|x64 = Release|x64
		Release|x86 = Release|x86
	EndGlobalSection
	GlobalSection(ProjectConfigurationPlatforms) = postSolution
		{2CA4955F-6E37-43A4-8B5E-02D983B70562}.Debug|Any CPU.ActiveCfg = Debug|Any CPU
		{2CA4955F-6E37-43A4-8B5E-02D983B70562}.Debug|Any CPU.Build.0 = Debug|Any CPU
		{2CA4955F-6E37-43A4-8B5E-02D983B70562}.Debug|x64.ActiveCfg = Debug|Any CPU
		{2CA4955F-6E37-43A4-8B5E-02D983B70562}.Debug|x64.Build.0 = Debug|Any CPU
		{2CA4955F-6E37-43A4-8B5E-02D983B70562}.Debug|x86.ActiveCfg = Debug|Any CPU
		{2CA4955F-6E37-43A4-8B5E-02D983B70562}.Debug|x86.Build.0 = Debug|Any CPU
		{2CA4955F-6E37-43A4-8B5E-02D983B70562}.Release|Any CPU.ActiveCfg = Release|Any CPU
		{2CA4955F-6E37-43A4-8B5E-02D983B70562}.Release|Any CPU.Build.0 = Release|Any CPU
		{2CA4955F-6E37-43A4-8B5E-02D983B70562}.Release|x64.ActiveCfg = Release|Any CPU
		{2CA4955F-6E37-43A4-8B5E-02D983B70562}.Release|x64.Build.0 = Release|Any CPU
		{2CA4955F-6E37-43A4-8B5E-02D983B70562}.Release|x86.ActiveCfg = Release|Any CPU
		{2CA4955F-6E37-43A4-8B5E-02D983B70562}.Release|x86.Build.0 = Release|Any CPU
		{DA504114-7DC6-4029-ABDE-06EE5FB28FAF}.Debug|Any CPU.ActiveCfg = Debug|Any CPU
		{DA504114-7DC6-4029-ABDE-06EE5FB28FAF}.Debug|Any CPU.Build.0 = Debug|Any CPU
		{DA504114-7DC6-4029-ABDE-06EE5FB28FAF}.Debug|x64.ActiveCfg = Debug|Any CPU
		{DA504114-7DC6-4029-ABDE-06EE5FB28FAF}.Debug|x64.Build.0 = Debug|Any CPU
		{DA504114-7DC6-4029-ABDE-06EE5FB28FAF}.Debug|x86.ActiveCfg = Debug|Any CPU
		{DA504114-7DC6-4029-ABDE-06EE5FB28FAF}.Debug|x86.Build.0 = Debug|Any CPU
		{DA504114-7DC6-4029-ABDE-06EE5FB28FAF}.Release|Any CPU.ActiveCfg = Release|Any CPU
		{DA504114-7DC6-4029-ABDE-06EE5FB28FAF}.Release|Any CPU.Build.0 = Release|Any CPU
		{DA504114-7DC6-4029-ABDE-06EE5FB28FAF}.Release|x64.ActiveCfg = Release|Any CPU
		{DA504114-7DC6-4029-ABDE-06EE5FB28FAF}.Release|x64.Build.0 = Release|Any CPU
		{DA504114-7DC6-4029-ABDE-06EE5FB28FAF}.Release|x86.ActiveCfg = Release|Any CPU
		{DA504114-7DC6-4029-ABDE-06EE5FB28FAF}.Release|x86.Build.0 = Release|Any CPU
		{7984F335-76B2-4CB1-8DEF-5C9CE0B98F5B}.Debug|Any CPU.ActiveCfg = Debug|Any CPU
		{7984F335-76B2-4CB1-8DEF-5C9CE0B98F5B}.Debug|Any CPU.Build.0 = Debug|Any CPU
		{7984F335-76B2-4CB1-8DEF-5C9CE0B98F5B}.Debug|x64.ActiveCfg = Debug|Any CPU
		{7984F335-76B2-4CB1-8DEF-5C9CE0B98F5B}.Debug|x64.Build.0 = Debug|Any CPU
		{7984F335-76B2-4CB1-8DEF-5C9CE0B98F5B}.Debug|x86.ActiveCfg = Debug|Any CPU
		{7984F335-76B2-4CB1-8DEF-5C9CE0B98F5B}.Debug|x86.Build.0 = Debug|Any CPU
		{7984F335-76B2-4CB1-8DEF-5C9CE0B98F5B}.Release|Any CPU.ActiveCfg = Release|Any CPU
		{7984F335-76B2-4CB1-8DEF-5C9CE0B98F5B}.Release|Any CPU.Build.0 = Release|Any CPU
		{7984F335-76B2-4CB1-8DEF-5C9CE0B98F5B}.Release|x64.ActiveCfg = Release|Any CPU
		{7984F335-76B2-4CB1-8DEF-5C9CE0B98F5B}.Release|x64.Build.0 = Release|Any CPU
		{7984F335-76B2-4CB1-8DEF-5C9CE0B98F5B}.Release|x86.ActiveCfg = Release|Any CPU
		{7984F335-76B2-4CB1-8DEF-5C9CE0B98F5B}.Release|x86.Build.0 = Release|Any CPU
		{B5F60F04-5C7B-4CAE-9501-E7CECA26B977}.Debug|Any CPU.ActiveCfg = Debug|Any CPU
		{B5F60F04-5C7B-4CAE-9501-E7CECA26B977}.Debug|Any CPU.Build.0 = Debug|Any CPU
		{B5F60F04-5C7B-4CAE-9501-E7CECA26B977}.Debug|x64.ActiveCfg = Debug|Any CPU
		{B5F60F04-5C7B-4CAE-9501-E7CECA26B977}.Debug|x64.Build.0 = Debug|Any CPU
		{B5F60F04-5C7B-4CAE-9501-E7CECA26B977}.Debug|x86.ActiveCfg = Debug|Any CPU
		{B5F60F04-5C7B-4CAE-9501-E7CECA26B977}.Debug|x86.Build.0 = Debug|Any CPU
		{B5F60F04-5C7B-4CAE-9501-E7CECA26B977}.Release|Any CPU.ActiveCfg = Release|Any CPU
		{B5F60F04-5C7B-4CAE-9501-E7CECA26B977}.Release|Any CPU.Build.0 = Release|Any CPU
		{B5F60F04-5C7B-4CAE-9501-E7CECA26B977}.Release|x64.ActiveCfg = Release|Any CPU
		{B5F60F04-5C7B-4CAE-9501-E7CECA26B977}.Release|x64.Build.0 = Release|Any CPU
		{B5F60F04-5C7B-4CAE-9501-E7CECA26B977}.Release|x86.ActiveCfg = Release|Any CPU
		{B5F60F04-5C7B-4CAE-9501-E7CECA26B977}.Release|x86.Build.0 = Release|Any CPU
		{DC912C08-457C-435B-B60B-8985CD29E154}.Debug|Any CPU.ActiveCfg = Debug|Any CPU
		{DC912C08-457C-435B-B60B-8985CD29E154}.Debug|Any CPU.Build.0 = Debug|Any CPU
		{DC912C08-457C-435B-B60B-8985CD29E154}.Debug|x64.ActiveCfg = Debug|Any CPU
		{DC912C08-457C-435B-B60B-8985CD29E154}.Debug|x64.Build.0 = Debug|Any CPU
		{DC912C08-457C-435B-B60B-8985CD29E154}.Debug|x86.ActiveCfg = Debug|Any CPU
		{DC912C08-457C-435B-B60B-8985CD29E154}.Debug|x86.Build.0 = Debug|Any CPU
		{DC912C08-457C-435B-B60B-8985CD29E154}.Release|Any CPU.ActiveCfg = Release|Any CPU
		{DC912C08-457C-435B-B60B-8985CD29E154}.Release|Any CPU.Build.0 = Release|Any CPU
		{DC912C08-457C-435B-B60B-8985CD29E154}.Release|x64.ActiveCfg = Release|Any CPU
		{DC912C08-457C-435B-B60B-8985CD29E154}.Release|x64.Build.0 = Release|Any CPU
		{DC912C08-457C-435B-B60B-8985CD29E154}.Release|x86.ActiveCfg = Release|Any CPU
		{DC912C08-457C-435B-B60B-8985CD29E154}.Release|x86.Build.0 = Release|Any CPU
	EndGlobalSection
	GlobalSection(SolutionProperties) = preSolution
		HideSolutionNode = FALSE
	EndGlobalSection
	GlobalSection(NestedProjects) = preSolution
		{53506FF3-1087-91DB-5731-19A6F3C92276} = {0AB3BF05-4346-4AA6-1389-037BE0695223}
		{2CA4955F-6E37-43A4-8B5E-02D983B70562} = {53506FF3-1087-91DB-5731-19A6F3C92276}
		{DA504114-7DC6-4029-ABDE-06EE5FB28FAF} = {827E0CD3-B72D-47B6-A68D-7590B98EB39B}
		{875CD587-DE2F-08EE-74FB-D6BE4E474EF3} = {0AB3BF05-4346-4AA6-1389-037BE0695223}
		{7984F335-76B2-4CB1-8DEF-5C9CE0B98F5B} = {875CD587-DE2F-08EE-74FB-D6BE4E474EF3}
		{B5F60F04-5C7B-4CAE-9501-E7CECA26B977} = {827E0CD3-B72D-47B6-A68D-7590B98EB39B}
		{D7DC9B74-6BC4-2470-2038-1E57C2DCB73B} = {0AB3BF05-4346-4AA6-1389-037BE0695223}
		{DC912C08-457C-435B-B60B-8985CD29E154} = {D7DC9B74-6BC4-2470-2038-1E57C2DCB73B}
	EndGlobalSection
EndGlobal
